
Microsoft Visual Studio Solution File, Format Version 12.00
# Visual Studio Version 16
VisualStudioVersion = 16.0.31205.134
MinimumVisualStudioVersion = 10.0.40219.1
Project("{FAE04EC0-301F-11D3-BF4B-00C04F79EFBC}") = "BloodAnalysisApplication_Client", "BloodAnalysisApplication_Client\BloodAnalysisApplication_Client.csproj", "{82BC96DA-0335-4A58-857D-B2416EB4ADF9}"
EndProject
Project("{FAE04EC0-301F-11D3-BF4B-00C04F79EFBC}") = "BloodAnalysisApplication_Server", "BloodAnalysisApplication_Server\BloodAnalysisApplication_Server.csproj", "{4D1A1F07-D8A4-4553-AEED-D693E357BE89}"
EndProject
Project("{888888A0-9F3D-457C-B088-3A5042F75D52}") = "BloodAnalysisApplication_Classificator", "BloodAnalysisApplication_Classificator\BloodAnalysisApplication_Classificator.pyproj", "{A7B69B03-B549-4A67-81EB-641F9427C865}"
EndProject
Global
	GlobalSection(SolutionConfigurationPlatforms) = preSolution
		Debug|Any CPU = Debug|Any CPU
		Release|Any CPU = Release|Any CPU
	EndGlobalSection
	GlobalSection(ProjectConfigurationPlatforms) = postSolution
		{82BC96DA-0335-4A58-857D-B2416EB4ADF9}.Debug|Any CPU.ActiveCfg = Debug|Any CPU
		{82BC96DA-0335-4A58-857D-B2416EB4ADF9}.Debug|Any CPU.Build.0 = Debug|Any CPU
		{82BC96DA-0335-4A58-857D-B2416EB4ADF9}.Release|Any CPU.ActiveCfg = Release|Any CPU
		{82BC96DA-0335-4A58-857D-B2416EB4ADF9}.Release|Any CPU.Build.0 = Release|Any CPU
		{4D1A1F07-D8A4-4553-AEED-D693E357BE89}.Debug|Any CPU.ActiveCfg = Debug|Any CPU
		{4D1A1F07-D8A4-4553-AEED-D693E357BE89}.Debug|Any CPU.Build.0 = Debug|Any CPU
		{4D1A1F07-D8A4-4553-AEED-D693E357BE89}.Release|Any CPU.ActiveCfg = Release|Any CPU
		{4D1A1F07-D8A4-4553-AEED-D693E357BE89}.Release|Any CPU.Build.0 = Release|Any CPU
		{A7B69B03-B549-4A67-81EB-641F9427C865}.Debug|Any CPU.ActiveCfg = Debug|Any CPU
		{A7B69B03-B549-4A67-81EB-641F9427C865}.Release|Any CPU.ActiveCfg = Release|Any CPU
	EndGlobalSection
	GlobalSection(SolutionProperties) = preSolution
		HideSolutionNode = FALSE
	EndGlobalSection
	GlobalSection(ExtensibilityGlobals) = postSolution
		SolutionGuid = {CB73A874-A093-4D72-BDAC-F1A9F2EB02D9}
	EndGlobalSection
EndGlobal
